// !$*UTF8*$!
{
	archiveVersion = 1;
	classes = {
	};
	objectVersion = 46;
	objects = {

/* Begin PBXBuildFile section */
		77CDC8721B11442E001FDD94 /* AppDelegate.swift in Sources */ = {isa = PBXBuildFile; fileRef = 77CDC8711B11442E001FDD94 /* AppDelegate.swift */; };
		77CDC8741B11442E001FDD94 /* ViewController.swift in Sources */ = {isa = PBXBuildFile; fileRef = 77CDC8731B11442E001FDD94 /* ViewController.swift */; };
		77CDC8771B11442E001FDD94 /* Main.storyboard in Resources */ = {isa = PBXBuildFile; fileRef = 77CDC8751B11442E001FDD94 /* Main.storyboard */; };
		77CDC8791B11442E001FDD94 /* Images.xcassets in Resources */ = {isa = PBXBuildFile; fileRef = 77CDC8781B11442E001FDD94 /* Images.xcassets */; };
		77CDC87C1B11442E001FDD94 /* LaunchScreen.xib in Resources */ = {isa = PBXBuildFile; fileRef = 77CDC87A1B11442E001FDD94 /* LaunchScreen.xib */; };
		77CDC8881B11442E001FDD94 /* StormyTests.swift in Sources */ = {isa = PBXBuildFile; fileRef = 77CDC8871B11442E001FDD94 /* StormyTests.swift */; };
/* End PBXBuildFile section */

/* Begin PBXContainerItemProxy section */
		77CDC8821B11442E001FDD94 /* PBXContainerItemProxy */ = {
			isa = PBXContainerItemProxy;
			containerPortal = 77CDC8641B11442E001FDD94 /* Project object */;
			proxyType = 1;
			remoteGlobalIDString = 77CDC86B1B11442E001FDD94;
			remoteInfo = Stormy;
		};
/* End PBXContainerItemProxy section */

/* Begin PBXFileReference section */
		77CDC86C1B11442E001FDD94 /* Stormy.app */ = {isa = PBXFileReference; explicitFileType = wrapper.application; includeInIndex = 0; path = Stormy.app; sourceTree = BUILT_PRODUCTS_DIR; };
		77CDC8701B11442E001FDD94 /* Info.plist */ = {isa = PBXFileReference; lastKnownFileType = text.plist.xml; path = Info.plist; sourceTree = "<group>"; };
		77CDC8711B11442E001FDD94 /* AppDelegate.swift */ = {isa = PBXFileReference; lastKnownFileType = sourcecode.swift; path = AppDelegate.swift; sourceTree = "<group>"; };
		77CDC8731B11442E001FDD94 /* ViewController.swift */ = {isa = PBXFileReference; lastKnownFileType = sourcecode.swift; path = ViewController.swift; sourceTree = "<group>"; };
		77CDC8761B11442E001FDD94 /* Base */ = {isa = PBXFileReference; lastKnownFileType = file.storyboard; name = Base; path = Base.lproj/Main.storyboard; sourceTree = "<group>"; };
		77CDC8781B11442E001FDD94 /* Images.xcassets */ = {isa = PBXFileReference; lastKnownFileType = folder.assetcatalog; path = Images.xcassets; sourceTree = "<group>"; };
		77CDC87B1B11442E001FDD94 /* Base */ = {isa = PBXFileReference; lastKnownFileType = file.xib; name = Base; path = Base.lproj/LaunchScreen.xib; sourceTree = "<group>"; };
		77CDC8811B11442E001FDD94 /* StormyTests.xctest */ = {isa = PBXFileReference; explicitFileType = wrapper.cfbundle; includeInIndex = 0; path = StormyTests.xctest; sourceTree = BUILT_PRODUCTS_DIR; };
		77CDC8861B11442E001FDD94 /* Info.plist */ = {isa = PBXFileReference; lastKnownFileType = text.plist.xml; path = Info.plist; sourceTree = "<group>"; };
		77CDC8871B11442E001FDD94 /* StormyTests.swift */ = {isa = PBXFileReference; lastKnownFileType = sourcecode.swift; path = StormyTests.swift; sourceTree = "<group>"; };
/* End PBXFileReference section */

/* Begin PBXFrameworksBuildPhase section */
		77CDC8691B11442E001FDD94 /* Frameworks */ = {
			isa = PBXFrameworksBuildPhase;
			buildActionMask = 2147483647;
			files = (
			);
			runOnlyForDeploymentPostprocessing = 0;
		};
		77CDC87E1B11442E001FDD94 /* Frameworks */ = {
			isa = PBXFrameworksBuildPhase;
			buildActionMask = 2147483647;
			files = (
			);
			runOnlyForDeploymentPostprocessing = 0;
		};
/* End PBXFrameworksBuildPhase section */

/* Begin PBXGroup section */
		77CDC8631B11442E001FDD94 = {
			isa = PBXGroup;
			children = (
				77CDC86E1B11442E001FDD94 /* Stormy */,
				77CDC8841B11442E001FDD94 /* StormyTests */,
				77CDC86D1B11442E001FDD94 /* Products */,
			);
			sourceTree = "<group>";
		};
		77CDC86D1B11442E001FDD94 /* Products */ = {
			isa = PBXGroup;
			children = (
				77CDC86C1B11442E001FDD94 /* Stormy.app */,
				77CDC8811B11442E001FDD94 /* StormyTests.xctest */,
			);
			name = Products;
			sourceTree = "<group>";
		};
		77CDC86E1B11442E001FDD94 /* Stormy */ = {
			isa = PBXGroup;
			children = (
				77CDC8711B11442E001FDD94 /* AppDelegate.swift */,
				77CDC8731B11442E001FDD94 /* ViewController.swift */,
				77CDC8751B11442E001FDD94 /* Main.storyboard */,
				77CDC8781B11442E001FDD94 /* Images.xcassets */,
				77CDC87A1B11442E001FDD94 /* LaunchScreen.xib */,
				77CDC86F1B11442E001FDD94 /* Supporting Files */,
			);
			path = Stormy;
			sourceTree = "<group>";
		};
		77CDC86F1B11442E001FDD94 /* Supporting Files */ = {
			isa = PBXGroup;
			children = (
				77CDC8701B11442E001FDD94 /* Info.plist */,
			);
			name = "Supporting Files";
			sourceTree = "<group>";
		};
		77CDC8841B11442E001FDD94 /* StormyTests */ = {
			isa = PBXGroup;
			children = (
				77CDC8871B11442E001FDD94 /* StormyTests.swift */,
				77CDC8851B11442E001FDD94 /* Supporting Files */,
			);
			path = StormyTests;
			sourceTree = "<group>";
		};
		77CDC8851B11442E001FDD94 /* Supporting Files */ = {
			isa = PBXGroup;
			children = (
				77CDC8861B11442E001FDD94 /* Info.plist */,
			);
			name = "Supporting Files";
			sourceTree = "<group>";
		};
/* End PBXGroup section */

/* Begin PBXNativeTarget section */
		77CDC86B1B11442E001FDD94 /* Stormy */ = {
			isa = PBXNativeTarget;
			buildConfigurationList = 77CDC88B1B11442E001FDD94 /* Build configuration list for PBXNativeTarget "Stormy" */;
			buildPhases = (
				77CDC8681B11442E001FDD94 /* Sources */,
				77CDC8691B11442E001FDD94 /* Frameworks */,
				77CDC86A1B11442E001FDD94 /* Resources */,
			);
			buildRules = (
			);
			dependencies = (
			);
			name = Stormy;
			productName = Stormy;
			productReference = 77CDC86C1B11442E001FDD94 /* Stormy.app */;
			productType = "com.apple.product-type.application";
		};
		77CDC8801B11442E001FDD94 /* StormyTests */ = {
			isa = PBXNativeTarget;
			buildConfigurationList = 77CDC88E1B11442E001FDD94 /* Build configuration list for PBXNativeTarget "StormyTests" */;
			buildPhases = (
				77CDC87D1B11442E001FDD94 /* Sources */,
				77CDC87E1B11442E001FDD94 /* Frameworks */,
				77CDC87F1B11442E001FDD94 /* Resources */,
			);
			buildRules = (
			);
			dependencies = (
				77CDC8831B11442E001FDD94 /* PBXTargetDependency */,
			);
			name = StormyTests;
			productName = StormyTests;
			productReference = 77CDC8811B11442E001FDD94 /* StormyTests.xctest */;
			productType = "com.apple.product-type.bundle.unit-test";
		};
/* End PBXNativeTarget section */

/* Begin PBXProject section */
		77CDC8641B11442E001FDD94 /* Project object */ = {
			isa = PBXProject;
			attributes = {
				LastUpgradeCheck = 0630;
				ORGANIZATIONNAME = "Liu Cheng";
				TargetAttributes = {
					77CDC86B1B11442E001FDD94 = {
						CreatedOnToolsVersion = 6.3.2;
					};
					77CDC8801B11442E001FDD94 = {
						CreatedOnToolsVersion = 6.3.2;
						TestTargetID = 77CDC86B1B11442E001FDD94;
					};
				};
			};
			buildConfigurationList = 77CDC8671B11442E001FDD94 /* Build configuration list for PBXProject "Stormy" */;
			compatibilityVersion = "Xcode 3.2";
			developmentRegion = English;
			hasScannedForEncodings = 0;
			knownRegions = (
				en,
				Base,
			);
			mainGroup = 77CDC8631B11442E001FDD94;
			productRefGroup = 77CDC86D1B11442E001FDD94 /* Products */;
			projectDirPath = "";
			projectRoot = "";
			targets = (
				77CDC86B1B11442E001FDD94 /* Stormy */,
				77CDC8801B11442E001FDD94 /* StormyTests */,
			);
		};
/* End PBXProject section */

/* Begin PBXResourcesBuildPhase section */
		77CDC86A1B11442E001FDD94 /* Resources */ = {
			isa = PBXResourcesBuildPhase;
			buildActionMask = 2147483647;
			files = (
				77CDC8771B11442E001FDD94 /* Main.storyboard in Resources */,
				77CDC87C1B11442E001FDD94 /* LaunchScreen.xib in Resources */,
				77CDC8791B11442E001FDD94 /* Images.xcassets in Resources */,
			);
			runOnlyForDeploymentPostprocessing = 0;
		};
		77CDC87F1B11442E001FDD94 /* Resources */ = {
			isa = PBXResourcesBuildPhase;
			buildActionMask = 2147483647;
			files = (
			);
			runOnlyForDeploymentPostprocessing = 0;
		};
/* End PBXResourcesBuildPhase section */

/* Begin PBXSourcesBuildPhase section */
		77CDC8681B11442E001FDD94 /* Sources */ = {
			isa = PBXSourcesBuildPhase;
			buildActionMask = 2147483647;
			files = (
				77CDC8741B11442E001FDD94 /* ViewController.swift in Sources */,
				77CDC8721B11442E001FDD94 /* AppDelegate.swift in Sources */,
			);
			runOnlyForDeploymentPostprocessing = 0;
		};
		77CDC87D1B11442E001FDD94 /* Sources */ = {
			isa = PBXSourcesBuildPhase;
			buildActionMask = 2147483647;
			files = (
				77CDC8881B11442E001FDD94 /* StormyTests.swift in Sources */,
			);
			runOnlyForDeploymentPostprocessing = 0;
		};
/* End PBXSourcesBuildPhase section */

/* Begin PBXTargetDependency section */
		77CDC8831B11442E001FDD94 /* PBXTargetDependency */ = {
			isa = PBXTargetDependency;
			target = 77CDC86B1B11442E001FDD94 /* Stormy */;
			targetProxy = 77CDC8821B11442E001FDD94 /* PBXContainerItemProxy */;
		};
/* End PBXTargetDependency section */

/* Begin PBXVariantGroup section */
		77CDC8751B11442E001FDD94 /* Main.storyboard */ = {
			isa = PBXVariantGroup;
			children = (
				77CDC8761B11442E001FDD94 /* Base */,
			);
			name = Main.storyboard;
			sourceTree = "<group>";
		};
		77CDC87A1B11442E001FDD94 /* LaunchScreen.xib */ = {
			isa = PBXVariantGroup;
			children = (
				77CDC87B1B11442E001FDD94 /* Base */,
			);
			name = LaunchScreen.xib;
			sourceTree = "<group>";
		};
/* End PBXVariantGroup section */

/* Begin XCBuildConfiguration section */
		77CDC8891B11442E001FDD94 /* Debug */ = {
			isa = XCBuildConfiguration;
			buildSettings = {
				ALWAYS_SEARCH_USER_PATHS = NO;
				CLANG_CXX_LANGUAGE_STANDARD = "gnu++0x";
				CLANG_CXX_LIBRARY = "libc++";
				CLANG_ENABLE_MODULES = YES;
				CLANG_ENABLE_OBJC_ARC = YES;
				CLANG_WARN_BOOL_CONVERSION = YES;
				CLANG_WARN_CONSTANT_CONVERSION = YES;
				CLANG_WARN_DIRECT_OBJC_ISA_USAGE = YES_ERROR;
				CLANG_WARN_EMPTY_BODY = YES;
				CLANG_WARN_ENUM_CONVERSION = YES;
				CLANG_WARN_INT_CONVERSION = YES;
				CLANG_WARN_OBJC_ROOT_CLASS = YES_ERROR;
				CLANG_WARN_UNREACHABLE_CODE = YES;
				CLANG_WARN__DUPLICATE_METHOD_MATCH = YES;
				"CODE_SIGN_IDENTITY[sdk=iphoneos*]" = "iPhone Developer";
				COPY_PHASE_STRIP = NO;
				DEBUG_INFORMATION_FORMAT = "dwarf-with-dsym";
				ENABLE_STRICT_OBJC_MSGSEND = YES;
				GCC_C_LANGUAGE_STANDARD = gnu99;
				GCC_DYNAMIC_NO_PIC = NO;
				GCC_NO_COMMON_BLOCKS = YES;
				GCC_OPTIMIZATION_LEVEL = 0;
				GCC_PREPROCESSOR_DEFINITIONS = (
					"DEBUG=1",
					"$(inherited)",
				);
				GCC_SYMBOLS_PRIVATE_EXTERN = NO;
				GCC_WARN_64_TO_32_BIT_CONVERSION = YES;
				GCC_WARN_ABOUT_RETURN_TYPE = YES_ERROR;
				GCC_WARN_UNDECLARED_SELECTOR = YES;
				GCC_WARN_UNINITIALIZED_AUTOS = YES_AGGRESSIVE;
				GCC_WARN_UNUSED_FUNCTION = YES;
				GCC_WARN_UNUSED_VARIABLE = YES;
				IPHONEOS_DEPLOYMENT_TARGET = 8.3;
				MTL_ENABLE_DEBUG_INFO = YES;
				ONLY_ACTIVE_ARCH = YES;
				SDKROOT = iphoneos;
				SWIFT_OPTIMIZATION_LEVEL = "-Onone";
			};
			name = Debug;
		};
		77CDC88A1B11442E001FDD94 /* Release */ = {
			isa = XCBuildConfiguration;
			buildSettings = {
				ALWAYS_SEARCH_USER_PATHS = NO;
				CLANG_CXX_LANGUAGE_STANDARD = "gnu++0x";
				CLANG_CXX_LIBRARY = "libc++";
				CLANG_ENABLE_MODULES = YES;
				CLANG_ENABLE_OBJC_ARC = YES;
				CLANG_WARN_BOOL_CONVERSION = YES;
				CLANG_WARN_CONSTANT_CONVERSION = YES;
				CLANG_WARN_DIRECT_OBJC_ISA_USAGE = YES_ERROR;
				CLANG_WARN_EMPTY_BODY = YES;
				CLANG_WARN_ENUM_CONVERSION = YES;
				CLANG_WARN_INT_CONVERSION = YES;
				CLANG_WARN_OBJC_ROOT_CLASS = YES_ERROR;
				CLANG_WARN_UNREACHABLE_CODE = YES;
				CLANG_WARN__DUPLICATE_METHOD_MATCH = YES;
				"CODE_SIGN_IDENTITY[sdk=iphoneos*]" = "iPhone Developer";
				COPY_PHASE_STRIP = NO;
				DEBUG_INFORMATION_FORMAT = "dwarf-with-dsym";
				ENABLE_NS_ASSERTIONS = NO;
				ENABLE_STRICT_OBJC_MSGSEND = YES;
				GCC_C_LANGUAGE_STANDARD = gnu99;
				GCC_NO_COMMON_BLOCKS = YES;
				GCC_WARN_64_TO_32_BIT_CONVERSION = YES;
				GCC_WARN_ABOUT_RETURN_TYPE = YES_ERROR;
				GCC_WARN_UNDECLARED_SELECTOR = YES;
				GCC_WARN_UNINITIALIZED_AUTOS = YES_AGGRESSIVE;
				GCC_WARN_UNUSED_FUNCTION = YES;
				GCC_WARN_UNUSED_VARIABLE = YES;
				IPHONEOS_DEPLOYMENT_TARGET = 8.3;
				MTL_ENABLE_DEBUG_INFO = NO;
				SDKROOT = iphoneos;
				VALIDATE_PRODUCT = YES;
			};
			name = Release;
		};
		77CDC88C1B11442E001FDD94 /* Debug */ = {
			isa = XCBuildConfiguration;
			buildSettings = {
				ASSETCATALOG_COMPILER_APPICON_NAME = AppIcon;
				INFOPLIST_FILE = Stormy/Info.plist;
				LD_RUNPATH_SEARCH_PATHS = "$(inherited) @executable_path/Frameworks";
				PRODUCT_NAME = "$(TARGET_NAME)";
			};
			name = Debug;
		};
		77CDC88D1B11442E001FDD94 /* Release */ = {
			isa = XCBuildConfiguration;
			buildSettings = {
				ASSETCATALOG_COMPILER_APPICON_NAME = AppIcon;
				INFOPLIST_FILE = Stormy/Info.plist;
				LD_RUNPATH_SEARCH_PATHS = "$(inherited) @executable_path/Frameworks";
				PRODUCT_NAME = "$(TARGET_NAME)";
			};
			name = Release;
		};
		77CDC88F1B11442E001FDD94 /* Debug */ = {
			isa = XCBuildConfiguration;
			buildSettings = {
				BUNDLE_LOADER = "$(TEST_HOST)";
				FRAMEWORK_SEARCH_PATHS = (
					"$(SDKROOT)/Developer/Library/Frameworks",
					"$(inherited)",
				);
				GCC_PREPROCESSOR_DEFINITIONS = (
					"DEBUG=1",
					"$(inherited)",
				);
				INFOPLIST_FILE = StormyTests/Info.plist;
				LD_RUNPATH_SEARCH_PATHS = "$(inherited) @executable_path/Frameworks @loader_path/Frameworks";
				PRODUCT_NAME = "$(TARGET_NAME)";
				TEST_HOST = "$(BUILT_PRODUCTS_DIR)/Stormy.app/Stormy";
			};
			name = Debug;
		};
		77CDC8901B11442E001FDD94 /* Release */ = {
			isa = XCBuildConfiguration;
			buildSettings = {
				BUNDLE_LOADER = "$(TEST_HOST)";
				FRAMEWORK_SEARCH_PATHS = (
					"$(SDKROOT)/Developer/Library/Frameworks",
					"$(inherited)",
				);
				INFOPLIST_FILE = StormyTests/Info.plist;
				LD_RUNPATH_SEARCH_PATHS = "$(inherited) @executable_path/Frameworks @loader_path/Frameworks";
				PRODUCT_NAME = "$(TARGET_NAME)";
				TEST_HOST = "$(BUILT_PRODUCTS_DIR)/Stormy.app/Stormy";
			};
			name = Release;
		};
/* End XCBuildConfiguration section */

/* Begin XCConfigurationList section */
		77CDC8671B11442E001FDD94 /* Build configuration list for PBXProject "Stormy" */ = {
			isa = XCConfigurationList;
			buildConfigurations = (
				77CDC8891B11442E001FDD94 /* Debug */,
				77CDC88A1B11442E001FDD94 /* Release */,
			);
			defaultConfigurationIsVisible = 0;
			defaultConfigurationName = Release;
		};
		77CDC88B1B11442E001FDD94 /* Build configuration list for PBXNativeTarget "Stormy" */ = {
			isa = XCConfigurationList;
			buildConfigurations = (
				77CDC88C1B11442E001FDD94 /* Debug */,
				77CDC88D1B11442E001FDD94 /* Release */,
			);
			defaultConfigurationIsVisible = 0;
		};
		77CDC88E1B11442E001FDD94 /* Build configuration list for PBXNativeTarget "StormyTests" */ = {
			isa = XCConfigurationList;
			buildConfigurations = (
				77CDC88F1B11442E001FDD94 /* Debug */,
				77CDC8901B11442E001FDD94 /* Release */,
			);
			defaultConfigurationIsVisible = 0;
		};
/* End XCConfigurationList section */
	};
	rootObject = 77CDC8641B11442E001FDD94 /* Project object */;
}
